<?xml version="1.0" encoding="UTF-8" standalone="yes" ?>
<CodeBlocks_project_file>
	<FileVersion major="1" minor="6" />
	<Project>
		<Option title="Ultraviolent Moon Patrol" />
		<Option pch_mode="0" />
		<Option compiler="mingw32_compiler" />
		<Build>
			<Target title="default">
				<Option output="../../build/windows/UVmpatrol.exe" prefix_auto="0" extension_auto="0" />
				<Option working_dir="../../build/windows" />
				<Option object_output="../../build/windows/.objs" />
				<Option type="0" />
				<Option compiler="mingw32_compiler" />
				<Option projectResourceIncludeDirsRelation="1" />
				<Compiler>
					<Add directory="../base/" />
				</Compiler>
			</Target>
		</Build>
		<VirtualTargets>
			<Add alias="All" targets="default;" />
		</VirtualTargets>
		<Linker>
			<Add library="mingw32" />
			<Add library="SDLmain" />
			<Add library="SDL" />
			<Add library="opengl32" />
		</Linker>
		<Unit filename="../base/base.cpp" />
		<Unit filename="../base/base.h" />
		<Unit filename="../base/bloodfountain.cpp" />
		<Unit filename="../base/bloodfountain.h" />
		<Unit filename="../base/boulder.cpp" />
		<Unit filename="../base/boulder.h" />
		<Unit filename="../base/cannon.cpp" />
		<Unit filename="../base/cannon.h" />
		<Unit filename="../base/car.cpp" />
		<Unit filename="../base/car.h" />
		<Unit filename="../base/font.cpp" />
		<Unit filename="../base/font.h" />
		<Unit filename="../base/game.cpp" />
		<Unit filename="../base/game.h" />
		<Unit filename="../base/gfx.cpp" />
		<Unit filename="../base/gfx.h" />
		<Unit filename="../base/jetfountain.cpp" />
		<Unit filename="../base/jetfountain.h" />
		<Unit filename="../base/jetman.cpp" />
		<Unit filename="../base/jetman.h" />
		<Unit filename="../base/level.cpp" />
		<Unit filename="../base/level.h" />
		<Unit filename="../base/main.cpp" />
		<Unit filename="../base/missile.cpp" />
		<Unit filename="../base/missile.h" />
		<Unit filename="../base/moonman.cpp" />
		<Unit filename="../base/moonman.h" />
		<Unit filename="../base/particle.cpp" />
		<Unit filename="../base/particle.h" />
		<Unit filename="../base/tile1.h" />
		<Unit filename="../base/tile2.h" />
		<Unit filename="../base/tile3.h" />
		<Unit filename="../base/tile4.h" />
		<Extensions>
			<code_completion />
			<debugger />
			<envvars />
		</Extensions>
	</Project>
</CodeBlocks_project_file>
